
Microsoft Visual Studio Solution File, Format Version 12.00
# Visual Studio Version 17
VisualStudioVersion = 17.2.32616.157
MinimumVisualStudioVersion = 10.0.40219.1
Project("{2150E333-8FDC-42A3-9474-1A3956D46DE8}") = "Solution Items", "Solution Items", "{D3DE3CEA-ACA5-4759-9ABF-EA5C281331A1}"
	ProjectSection(SolutionItems) = preProject
		NuGet.config = NuGet.config
	EndProjectSection
EndProject
Project("{2150E333-8FDC-42A3-9474-1A3956D46DE8}") = "ApiGateways", "ApiGateways", "{75AC5E8D-43F5-4005-AD10-741917705244}"
EndProject
Project("{2150E333-8FDC-42A3-9474-1A3956D46DE8}") = "BuildingBlocks", "BuildingBlocks", "{C8128622-8B2B-4BEA-ABE1-F298330C8936}"
EndProject
Project("{2150E333-8FDC-42A3-9474-1A3956D46DE8}") = "Services", "Services", "{1E948A5A-BED9-4052-9EDF-F8515C78F278}"
EndProject
Project("{2150E333-8FDC-42A3-9474-1A3956D46DE8}") = "Web", "Web", "{206D38AA-A001-4ED3-8ABC-2A6D18E936EA}"
EndProject
Project("{2150E333-8FDC-42A3-9474-1A3956D46DE8}") = "src", "src", "{6CF8DF1A-7908-487C-9466-A911694BC63D}"
EndProject
Project("{2150E333-8FDC-42A3-9474-1A3956D46DE8}") = "tests", "tests", "{EA8E7243-1068-4746-8C74-CFB0345AC35D}"
EndProject
Project("{9A19103F-16F7-4668-BE54-9A1E7A4F7556}") = "KPIWeb", "Web\KPIWeb\KPIWeb.csproj", "{A8F4BA7F-2C06-4964-B169-33C0A4EFE3B5}"
EndProject
Project("{9A19103F-16F7-4668-BE54-9A1E7A4F7556}") = "KP.Application", "BuildingBlocks\KP.Application\KP.Application.csproj", "{41523840-DDC7-4260-B09F-ECB75085B085}"
EndProject
Project("{2150E333-8FDC-42A3-9474-1A3956D46DE8}") = "Specification", "Specification", "{09953863-0732-4B09-B720-AEF300067A35}"
EndProject
Project("{9A19103F-16F7-4668-BE54-9A1E7A4F7556}") = "Ardalis.Specification", "BuildingBlocks\Specification\Ardalis.Specification\Ardalis.Specification.csproj", "{D7BA23B7-1759-4813-B317-965E3ED4A40B}"
EndProject
Project("{9A19103F-16F7-4668-BE54-9A1E7A4F7556}") = "Ardalis.Specification.EntityFrameworkCore", "BuildingBlocks\Specification\Ardalis.Specification.EntityFrameworkCore\Ardalis.Specification.EntityFrameworkCore.csproj", "{8B56F59F-5380-4CE1-B56E-A3494F82E8DC}"
EndProject
Project("{2150E333-8FDC-42A3-9474-1A3956D46DE8}") = "AutoMapper", "AutoMapper", "{D7D4D0DE-7E4F-4DE5-B550-DD9266EA4F40}"
EndProject
Project("{2150E333-8FDC-42A3-9474-1A3956D46DE8}") = "BackgroundJobs", "BackgroundJobs", "{3839A75C-C709-4533-950F-0DBC7ED0143C}"
EndProject
Project("{2150E333-8FDC-42A3-9474-1A3956D46DE8}") = "HttpClient", "HttpClient", "{94568D43-484A-484C-A212-580F33F76544}"
EndProject
Project("{2150E333-8FDC-42A3-9474-1A3956D46DE8}") = "Serilog", "Serilog", "{FDD323EB-E141-45D9-9C4A-AF26B2B3A4A4}"
EndProject
Project("{2150E333-8FDC-42A3-9474-1A3956D46DE8}") = "Swashbuckle", "Swashbuckle", "{11028AF4-074A-4E2A-86F2-665944738737}"
EndProject
Project("{FAE04EC0-301F-11D3-BF4B-00C04F79EFBC}") = "KP.AutoMapper", "BuildingBlocks\KP.AutoMapper\KP.AutoMapper\KP.AutoMapper.csproj", "{7D3B5B72-5D01-48EF-8D3D-54B38E97E0EA}"
EndProject
Project("{FAE04EC0-301F-11D3-BF4B-00C04F79EFBC}") = "KP.BackgroundJobs", "BuildingBlocks\KP.BackgroundJobs\KP.BackgroundJobs\KP.BackgroundJobs.csproj", "{2006F3F1-8FF7-4929-9176-807561661F4D}"
EndProject
Project("{FAE04EC0-301F-11D3-BF4B-00C04F79EFBC}") = "KP.HttpClient", "BuildingBlocks\KP.HttpClient\KP.HttpClient\KP.HttpClient.csproj", "{EFA872EA-AACF-439F-BD47-672F812E5783}"
EndProject
Project("{FAE04EC0-301F-11D3-BF4B-00C04F79EFBC}") = "KP.Serilog", "BuildingBlocks\KP.Serilog\KP.Serilog\KP.Serilog.csproj", "{11D82EC0-22B8-4550-9224-C7BAD82746E9}"
EndProject
Project("{FAE04EC0-301F-11D3-BF4B-00C04F79EFBC}") = "KP.Swashbuckle", "BuildingBlocks\KP.Swashbuckle\KP.Swashbuckle\KP.Swashbuckle.csproj", "{B7DDB7E8-62D8-4C03-A4F1-334FE760E484}"
EndProject
Global
	GlobalSection(SolutionConfigurationPlatforms) = preSolution
		Debug|Any CPU = Debug|Any CPU
		Release|Any CPU = Release|Any CPU
	EndGlobalSection
	GlobalSection(ProjectConfigurationPlatforms) = postSolution
		{A8F4BA7F-2C06-4964-B169-33C0A4EFE3B5}.Debug|Any CPU.ActiveCfg = Debug|Any CPU
		{A8F4BA7F-2C06-4964-B169-33C0A4EFE3B5}.Debug|Any CPU.Build.0 = Debug|Any CPU
		{A8F4BA7F-2C06-4964-B169-33C0A4EFE3B5}.Release|Any CPU.ActiveCfg = Release|Any CPU
		{A8F4BA7F-2C06-4964-B169-33C0A4EFE3B5}.Release|Any CPU.Build.0 = Release|Any CPU
		{41523840-DDC7-4260-B09F-ECB75085B085}.Debug|Any CPU.ActiveCfg = Debug|Any CPU
		{41523840-DDC7-4260-B09F-ECB75085B085}.Debug|Any CPU.Build.0 = Debug|Any CPU
		{41523840-DDC7-4260-B09F-ECB75085B085}.Release|Any CPU.ActiveCfg = Release|Any CPU
		{41523840-DDC7-4260-B09F-ECB75085B085}.Release|Any CPU.Build.0 = Release|Any CPU
		{D7BA23B7-1759-4813-B317-965E3ED4A40B}.Debug|Any CPU.ActiveCfg = Debug|Any CPU
		{D7BA23B7-1759-4813-B317-965E3ED4A40B}.Debug|Any CPU.Build.0 = Debug|Any CPU
		{D7BA23B7-1759-4813-B317-965E3ED4A40B}.Release|Any CPU.ActiveCfg = Release|Any CPU
		{D7BA23B7-1759-4813-B317-965E3ED4A40B}.Release|Any CPU.Build.0 = Release|Any CPU
		{8B56F59F-5380-4CE1-B56E-A3494F82E8DC}.Debug|Any CPU.ActiveCfg = Debug|Any CPU
		{8B56F59F-5380-4CE1-B56E-A3494F82E8DC}.Debug|Any CPU.Build.0 = Debug|Any CPU
		{8B56F59F-5380-4CE1-B56E-A3494F82E8DC}.Release|Any CPU.ActiveCfg = Release|Any CPU
		{8B56F59F-5380-4CE1-B56E-A3494F82E8DC}.Release|Any CPU.Build.0 = Release|Any CPU
		{7D3B5B72-5D01-48EF-8D3D-54B38E97E0EA}.Debug|Any CPU.ActiveCfg = Debug|Any CPU
		{7D3B5B72-5D01-48EF-8D3D-54B38E97E0EA}.Debug|Any CPU.Build.0 = Debug|Any CPU
		{7D3B5B72-5D01-48EF-8D3D-54B38E97E0EA}.Release|Any CPU.ActiveCfg = Release|Any CPU
		{7D3B5B72-5D01-48EF-8D3D-54B38E97E0EA}.Release|Any CPU.Build.0 = Release|Any CPU
		{2006F3F1-8FF7-4929-9176-807561661F4D}.Debug|Any CPU.ActiveCfg = Debug|Any CPU
		{2006F3F1-8FF7-4929-9176-807561661F4D}.Debug|Any CPU.Build.0 = Debug|Any CPU
		{2006F3F1-8FF7-4929-9176-807561661F4D}.Release|Any CPU.ActiveCfg = Release|Any CPU
		{2006F3F1-8FF7-4929-9176-807561661F4D}.Release|Any CPU.Build.0 = Release|Any CPU
		{EFA872EA-AACF-439F-BD47-672F812E5783}.Debug|Any CPU.ActiveCfg = Debug|Any CPU
		{EFA872EA-AACF-439F-BD47-672F812E5783}.Debug|Any CPU.Build.0 = Debug|Any CPU
		{EFA872EA-AACF-439F-BD47-672F812E5783}.Release|Any CPU.ActiveCfg = Release|Any CPU
		{EFA872EA-AACF-439F-BD47-672F812E5783}.Release|Any CPU.Build.0 = Release|Any CPU
		{11D82EC0-22B8-4550-9224-C7BAD82746E9}.Debug|Any CPU.ActiveCfg = Debug|Any CPU
		{11D82EC0-22B8-4550-9224-C7BAD82746E9}.Debug|Any CPU.Build.0 = Debug|Any CPU
		{11D82EC0-22B8-4550-9224-C7BAD82746E9}.Release|Any CPU.ActiveCfg = Release|Any CPU
		{11D82EC0-22B8-4550-9224-C7BAD82746E9}.Release|Any CPU.Build.0 = Release|Any CPU
		{B7DDB7E8-62D8-4C03-A4F1-334FE760E484}.Debug|Any CPU.ActiveCfg = Debug|Any CPU
		{B7DDB7E8-62D8-4C03-A4F1-334FE760E484}.Debug|Any CPU.Build.0 = Debug|Any CPU
		{B7DDB7E8-62D8-4C03-A4F1-334FE760E484}.Release|Any CPU.ActiveCfg = Release|Any CPU
		{B7DDB7E8-62D8-4C03-A4F1-334FE760E484}.Release|Any CPU.Build.0 = Release|Any CPU
	EndGlobalSection
	GlobalSection(SolutionProperties) = preSolution
		HideSolutionNode = FALSE
	EndGlobalSection
	GlobalSection(NestedProjects) = preSolution
		{75AC5E8D-43F5-4005-AD10-741917705244} = {6CF8DF1A-7908-487C-9466-A911694BC63D}
		{C8128622-8B2B-4BEA-ABE1-F298330C8936} = {6CF8DF1A-7908-487C-9466-A911694BC63D}
		{1E948A5A-BED9-4052-9EDF-F8515C78F278} = {6CF8DF1A-7908-487C-9466-A911694BC63D}
		{206D38AA-A001-4ED3-8ABC-2A6D18E936EA} = {6CF8DF1A-7908-487C-9466-A911694BC63D}
		{A8F4BA7F-2C06-4964-B169-33C0A4EFE3B5} = {206D38AA-A001-4ED3-8ABC-2A6D18E936EA}
		{41523840-DDC7-4260-B09F-ECB75085B085} = {C8128622-8B2B-4BEA-ABE1-F298330C8936}
		{09953863-0732-4B09-B720-AEF300067A35} = {C8128622-8B2B-4BEA-ABE1-F298330C8936}
		{D7BA23B7-1759-4813-B317-965E3ED4A40B} = {09953863-0732-4B09-B720-AEF300067A35}
		{8B56F59F-5380-4CE1-B56E-A3494F82E8DC} = {09953863-0732-4B09-B720-AEF300067A35}
		{D7D4D0DE-7E4F-4DE5-B550-DD9266EA4F40} = {C8128622-8B2B-4BEA-ABE1-F298330C8936}
		{3839A75C-C709-4533-950F-0DBC7ED0143C} = {C8128622-8B2B-4BEA-ABE1-F298330C8936}
		{94568D43-484A-484C-A212-580F33F76544} = {C8128622-8B2B-4BEA-ABE1-F298330C8936}
		{FDD323EB-E141-45D9-9C4A-AF26B2B3A4A4} = {C8128622-8B2B-4BEA-ABE1-F298330C8936}
		{11028AF4-074A-4E2A-86F2-665944738737} = {C8128622-8B2B-4BEA-ABE1-F298330C8936}
		{7D3B5B72-5D01-48EF-8D3D-54B38E97E0EA} = {D7D4D0DE-7E4F-4DE5-B550-DD9266EA4F40}
		{2006F3F1-8FF7-4929-9176-807561661F4D} = {3839A75C-C709-4533-950F-0DBC7ED0143C}
		{EFA872EA-AACF-439F-BD47-672F812E5783} = {94568D43-484A-484C-A212-580F33F76544}
		{11D82EC0-22B8-4550-9224-C7BAD82746E9} = {FDD323EB-E141-45D9-9C4A-AF26B2B3A4A4}
		{B7DDB7E8-62D8-4C03-A4F1-334FE760E484} = {11028AF4-074A-4E2A-86F2-665944738737}
	EndGlobalSection
	GlobalSection(ExtensibilityGlobals) = postSolution
		SolutionGuid = {42BB77C9-BBAD-4999-AB2C-2C8EE8A8D200}
	EndGlobalSection
EndGlobal
